// !$*UTF8*$!
{
	archiveVersion = 1;
	classes = {
	};
	objectVersion = 50;
	objects = {

/* Begin PBXBuildFile section */
		81323E30226AC695000EC04D /* AppDelegate.swift in Sources */ = {isa = PBXBuildFile; fileRef = 81323E2F226AC695000EC04D /* AppDelegate.swift */; };
		81323E32226AC695000EC04D /* ViewController.swift in Sources */ = {isa = PBXBuildFile; fileRef = 81323E31226AC695000EC04D /* ViewController.swift */; };
		81323E35226AC695000EC04D /* Main.storyboard in Resources */ = {isa = PBXBuildFile; fileRef = 81323E33226AC695000EC04D /* Main.storyboard */; };
		81323E37226AC696000EC04D /* Assets.xcassets in Resources */ = {isa = PBXBuildFile; fileRef = 81323E36226AC696000EC04D /* Assets.xcassets */; };
		81323E3A226AC696000EC04D /* LaunchScreen.storyboard in Resources */ = {isa = PBXBuildFile; fileRef = 81323E38226AC696000EC04D /* LaunchScreen.storyboard */; };
		81323E45226AC696000EC04D /* NasaTests.swift in Sources */ = {isa = PBXBuildFile; fileRef = 81323E44226AC696000EC04D /* NasaTests.swift */; };
		81323E50226AC696000EC04D /* NasaUITests.swift in Sources */ = {isa = PBXBuildFile; fileRef = 81323E4F226AC696000EC04D /* NasaUITests.swift */; };
/* End PBXBuildFile section */

/* Begin PBXContainerItemProxy section */
		81323E41226AC696000EC04D /* PBXContainerItemProxy */ = {
			isa = PBXContainerItemProxy;
			containerPortal = 81323E24226AC695000EC04D /* Project object */;
			proxyType = 1;
			remoteGlobalIDString = 81323E2B226AC695000EC04D;
			remoteInfo = Nasa;
		};
		81323E4C226AC696000EC04D /* PBXContainerItemProxy */ = {
			isa = PBXContainerItemProxy;
			containerPortal = 81323E24226AC695000EC04D /* Project object */;
			proxyType = 1;
			remoteGlobalIDString = 81323E2B226AC695000EC04D;
			remoteInfo = Nasa;
		};
/* End PBXContainerItemProxy section */

/* Begin PBXFileReference section */
		81323E2C226AC695000EC04D /* Nasa.app */ = {isa = PBXFileReference; explicitFileType = wrapper.application; includeInIndex = 0; path = Nasa.app; sourceTree = BUILT_PRODUCTS_DIR; };
		81323E2F226AC695000EC04D /* AppDelegate.swift */ = {isa = PBXFileReference; lastKnownFileType = sourcecode.swift; path = AppDelegate.swift; sourceTree = "<group>"; };
		81323E31226AC695000EC04D /* ViewController.swift */ = {isa = PBXFileReference; lastKnownFileType = sourcecode.swift; path = ViewController.swift; sourceTree = "<group>"; };
		81323E34226AC695000EC04D /* Base */ = {isa = PBXFileReference; lastKnownFileType = file.storyboard; name = Base; path = Base.lproj/Main.storyboard; sourceTree = "<group>"; };
		81323E36226AC696000EC04D /* Assets.xcassets */ = {isa = PBXFileReference; lastKnownFileType = folder.assetcatalog; path = Assets.xcassets; sourceTree = "<group>"; };
		81323E39226AC696000EC04D /* Base */ = {isa = PBXFileReference; lastKnownFileType = file.storyboard; name = Base; path = Base.lproj/LaunchScreen.storyboard; sourceTree = "<group>"; };
		81323E3B226AC696000EC04D /* Info.plist */ = {isa = PBXFileReference; lastKnownFileType = text.plist.xml; path = Info.plist; sourceTree = "<group>"; };
		81323E40226AC696000EC04D /* NasaTests.xctest */ = {isa = PBXFileReference; explicitFileType = wrapper.cfbundle; includeInIndex = 0; path = NasaTests.xctest; sourceTree = BUILT_PRODUCTS_DIR; };
		81323E44226AC696000EC04D /* NasaTests.swift */ = {isa = PBXFileReference; lastKnownFileType = sourcecode.swift; path = NasaTests.swift; sourceTree = "<group>"; };
		81323E46226AC696000EC04D /* Info.plist */ = {isa = PBXFileReference; lastKnownFileType = text.plist.xml; path = Info.plist; sourceTree = "<group>"; };
		81323E4B226AC696000EC04D /* NasaUITests.xctest */ = {isa = PBXFileReference; explicitFileType = wrapper.cfbundle; includeInIndex = 0; path = NasaUITests.xctest; sourceTree = BUILT_PRODUCTS_DIR; };
		81323E4F226AC696000EC04D /* NasaUITests.swift */ = {isa = PBXFileReference; lastKnownFileType = sourcecode.swift; path = NasaUITests.swift; sourceTree = "<group>"; };
		81323E51226AC696000EC04D /* Info.plist */ = {isa = PBXFileReference; lastKnownFileType = text.plist.xml; path = Info.plist; sourceTree = "<group>"; };
/* End PBXFileReference section */

/* Begin PBXFrameworksBuildPhase section */
		81323E29226AC695000EC04D /* Frameworks */ = {
			isa = PBXFrameworksBuildPhase;
			buildActionMask = 2147483647;
			files = (
			);
			runOnlyForDeploymentPostprocessing = 0;
		};
		81323E3D226AC696000EC04D /* Frameworks */ = {
			isa = PBXFrameworksBuildPhase;
			buildActionMask = 2147483647;
			files = (
			);
			runOnlyForDeploymentPostprocessing = 0;
		};
		81323E48226AC696000EC04D /* Frameworks */ = {
			isa = PBXFrameworksBuildPhase;
			buildActionMask = 2147483647;
			files = (
			);
			runOnlyForDeploymentPostprocessing = 0;
		};
/* End PBXFrameworksBuildPhase section */

/* Begin PBXGroup section */
		81323E23226AC695000EC04D = {
			isa = PBXGroup;
			children = (
				81323E2E226AC695000EC04D /* Nasa */,
				81323E43226AC696000EC04D /* NasaTests */,
				81323E4E226AC696000EC04D /* NasaUITests */,
				81323E2D226AC695000EC04D /* Products */,
			);
			sourceTree = "<group>";
		};
		81323E2D226AC695000EC04D /* Products */ = {
			isa = PBXGroup;
			children = (
				81323E2C226AC695000EC04D /* Nasa.app */,
				81323E40226AC696000EC04D /* NasaTests.xctest */,
				81323E4B226AC696000EC04D /* NasaUITests.xctest */,
			);
			name = Products;
			sourceTree = "<group>";
		};
		81323E2E226AC695000EC04D /* Nasa */ = {
			isa = PBXGroup;
			children = (
				81323E2F226AC695000EC04D /* AppDelegate.swift */,
				81323E31226AC695000EC04D /* ViewController.swift */,
				81323E33226AC695000EC04D /* Main.storyboard */,
				81323E36226AC696000EC04D /* Assets.xcassets */,
				81323E38226AC696000EC04D /* LaunchScreen.storyboard */,
				81323E3B226AC696000EC04D /* Info.plist */,
			);
			path = Nasa;
			sourceTree = "<group>";
		};
		81323E43226AC696000EC04D /* NasaTests */ = {
			isa = PBXGroup;
			children = (
				81323E44226AC696000EC04D /* NasaTests.swift */,
				81323E46226AC696000EC04D /* Info.plist */,
			);
			path = NasaTests;
			sourceTree = "<group>";
		};
		81323E4E226AC696000EC04D /* NasaUITests */ = {
			isa = PBXGroup;
			children = (
				81323E4F226AC696000EC04D /* NasaUITests.swift */,
				81323E51226AC696000EC04D /* Info.plist */,
			);
			path = NasaUITests;
			sourceTree = "<group>";
		};
/* End PBXGroup section */

/* Begin PBXNativeTarget section */
		81323E2B226AC695000EC04D /* Nasa */ = {
			isa = PBXNativeTarget;
			buildConfigurationList = 81323E54226AC696000EC04D /* Build configuration list for PBXNativeTarget "Nasa" */;
			buildPhases = (
				81323E28226AC695000EC04D /* Sources */,
				81323E29226AC695000EC04D /* Frameworks */,
				81323E2A226AC695000EC04D /* Resources */,
			);
			buildRules = (
			);
			dependencies = (
			);
			name = Nasa;
			productName = Nasa;
			productReference = 81323E2C226AC695000EC04D /* Nasa.app */;
			productType = "com.apple.product-type.application";
		};
		81323E3F226AC696000EC04D /* NasaTests */ = {
			isa = PBXNativeTarget;
			buildConfigurationList = 81323E57226AC696000EC04D /* Build configuration list for PBXNativeTarget "NasaTests" */;
			buildPhases = (
				81323E3C226AC696000EC04D /* Sources */,
				81323E3D226AC696000EC04D /* Frameworks */,
				81323E3E226AC696000EC04D /* Resources */,
			);
			buildRules = (
			);
			dependencies = (
				81323E42226AC696000EC04D /* PBXTargetDependency */,
			);
			name = NasaTests;
			productName = NasaTests;
			productReference = 81323E40226AC696000EC04D /* NasaTests.xctest */;
			productType = "com.apple.product-type.bundle.unit-test";
		};
		81323E4A226AC696000EC04D /* NasaUITests */ = {
			isa = PBXNativeTarget;
			buildConfigurationList = 81323E5A226AC696000EC04D /* Build configuration list for PBXNativeTarget "NasaUITests" */;
			buildPhases = (
				81323E47226AC696000EC04D /* Sources */,
				81323E48226AC696000EC04D /* Frameworks */,
				81323E49226AC696000EC04D /* Resources */,
			);
			buildRules = (
			);
			dependencies = (
				81323E4D226AC696000EC04D /* PBXTargetDependency */,
			);
			name = NasaUITests;
			productName = NasaUITests;
			productReference = 81323E4B226AC696000EC04D /* NasaUITests.xctest */;
			productType = "com.apple.product-type.bundle.ui-testing";
		};
/* End PBXNativeTarget section */

/* Begin PBXProject section */
		81323E24226AC695000EC04D /* Project object */ = {
			isa = PBXProject;
			attributes = {
				LastSwiftUpdateCheck = 1020;
				LastUpgradeCheck = 1020;
				ORGANIZATIONNAME = "Rafael Sachetto";
				TargetAttributes = {
					81323E2B226AC695000EC04D = {
						CreatedOnToolsVersion = 10.2.1;
					};
					81323E3F226AC696000EC04D = {
						CreatedOnToolsVersion = 10.2.1;
						TestTargetID = 81323E2B226AC695000EC04D;
					};
					81323E4A226AC696000EC04D = {
						CreatedOnToolsVersion = 10.2.1;
						TestTargetID = 81323E2B226AC695000EC04D;
					};
				};
			};
			buildConfigurationList = 81323E27226AC695000EC04D /* Build configuration list for PBXProject "Nasa" */;
			compatibilityVersion = "Xcode 9.3";
			developmentRegion = en;
			hasScannedForEncodings = 0;
			knownRegions = (
				en,
				Base,
			);
			mainGroup = 81323E23226AC695000EC04D;
			productRefGroup = 81323E2D226AC695000EC04D /* Products */;
			projectDirPath = "";
			projectRoot = "";
			targets = (
				81323E2B226AC695000EC04D /* Nasa */,
				81323E3F226AC696000EC04D /* NasaTests */,
				81323E4A226AC696000EC04D /* NasaUITests */,
			);
		};
/* End PBXProject section */

/* Begin PBXResourcesBuildPhase section */
		81323E2A226AC695000EC04D /* Resources */ = {
			isa = PBXResourcesBuildPhase;
			buildActionMask = 2147483647;
			files = (
				81323E3A226AC696000EC04D /* LaunchScreen.storyboard in Resources */,
				81323E37226AC696000EC04D /* Assets.xcassets in Resources */,
				81323E35226AC695000EC04D /* Main.storyboard in Resources */,
			);
			runOnlyForDeploymentPostprocessing = 0;
		};
		81323E3E226AC696000EC04D /* Resources */ = {
			isa = PBXResourcesBuildPhase;
			buildActionMask = 2147483647;
			files = (
			);
			runOnlyForDeploymentPostprocessing = 0;
		};
		81323E49226AC696000EC04D /* Resources */ = {
			isa = PBXResourcesBuildPhase;
			buildActionMask = 2147483647;
			files = (
			);
			runOnlyForDeploymentPostprocessing = 0;
		};
/* End PBXResourcesBuildPhase section */

/* Begin PBXSourcesBuildPhase section */
		81323E28226AC695000EC04D /* Sources */ = {
			isa = PBXSourcesBuildPhase;
			buildActionMask = 2147483647;
			files = (
				81323E32226AC695000EC04D /* ViewController.swift in Sources */,
				81323E30226AC695000EC04D /* AppDelegate.swift in Sources */,
			);
			runOnlyForDeploymentPostprocessing = 0;
		};
		81323E3C226AC696000EC04D /* Sources */ = {
			isa = PBXSourcesBuildPhase;
			buildActionMask = 2147483647;
			files = (
				81323E45226AC696000EC04D /* NasaTests.swift in Sources */,
			);
			runOnlyForDeploymentPostprocessing = 0;
		};
		81323E47226AC696000EC04D /* Sources */ = {
			isa = PBXSourcesBuildPhase;
			buildActionMask = 2147483647;
			files = (
				81323E50226AC696000EC04D /* NasaUITests.swift in Sources */,
			);
			runOnlyForDeploymentPostprocessing = 0;
		};
/* End PBXSourcesBuildPhase section */

/* Begin PBXTargetDependency section */
		81323E42226AC696000EC04D /* PBXTargetDependency */ = {
			isa = PBXTargetDependency;
			target = 81323E2B226AC695000EC04D /* Nasa */;
			targetProxy = 81323E41226AC696000EC04D /* PBXContainerItemProxy */;
		};
		81323E4D226AC696000EC04D /* PBXTargetDependency */ = {
			isa = PBXTargetDependency;
			target = 81323E2B226AC695000EC04D /* Nasa */;
			targetProxy = 81323E4C226AC696000EC04D /* PBXContainerItemProxy */;
		};
/* End PBXTargetDependency section */

/* Begin PBXVariantGroup section */
		81323E33226AC695000EC04D /* Main.storyboard */ = {
			isa = PBXVariantGroup;
			children = (
				81323E34226AC695000EC04D /* Base */,
			);
			name = Main.storyboard;
			sourceTree = "<group>";
		};
		81323E38226AC696000EC04D /* LaunchScreen.storyboard */ = {
			isa = PBXVariantGroup;
			children = (
				81323E39226AC696000EC04D /* Base */,
			);
			name = LaunchScreen.storyboard;
			sourceTree = "<group>";
		};
/* End PBXVariantGroup section */

/* Begin XCBuildConfiguration section */
		81323E52226AC696000EC04D /* Debug */ = {
			isa = XCBuildConfiguration;
			buildSettings = {
				ALWAYS_SEARCH_USER_PATHS = NO;
				CLANG_ANALYZER_NONNULL = YES;
				CLANG_ANALYZER_NUMBER_OBJECT_CONVERSION = YES_AGGRESSIVE;
				CLANG_CXX_LANGUAGE_STANDARD = "gnu++14";
				CLANG_CXX_LIBRARY = "libc++";
				CLANG_ENABLE_MODULES = YES;
				CLANG_ENABLE_OBJC_ARC = YES;
				CLANG_ENABLE_OBJC_WEAK = YES;
				CLANG_WARN_BLOCK_CAPTURE_AUTORELEASING = YES;
				CLANG_WARN_BOOL_CONVERSION = YES;
				CLANG_WARN_COMMA = YES;
				CLANG_WARN_CONSTANT_CONVERSION = YES;
				CLANG_WARN_DEPRECATED_OBJC_IMPLEMENTATIONS = YES;
				CLANG_WARN_DIRECT_OBJC_ISA_USAGE = YES_ERROR;
				CLANG_WARN_DOCUMENTATION_COMMENTS = YES;
				CLANG_WARN_EMPTY_BODY = YES;
				CLANG_WARN_ENUM_CONVERSION = YES;
				CLANG_WARN_INFINITE_RECURSION = YES;
				CLANG_WARN_INT_CONVERSION = YES;
				CLANG_WARN_NON_LITERAL_NULL_CONVERSION = YES;
				CLANG_WARN_OBJC_IMPLICIT_RETAIN_SELF = YES;
				CLANG_WARN_OBJC_LITERAL_CONVERSION = YES;
				CLANG_WARN_OBJC_ROOT_CLASS = YES_ERROR;
				CLANG_WARN_RANGE_LOOP_ANALYSIS = YES;
				CLANG_WARN_STRICT_PROTOTYPES = YES;
				CLANG_WARN_SUSPICIOUS_MOVE = YES;
				CLANG_WARN_UNGUARDED_AVAILABILITY = YES_AGGRESSIVE;
				CLANG_WARN_UNREACHABLE_CODE = YES;
				CLANG_WARN__DUPLICATE_METHOD_MATCH = YES;
				CODE_SIGN_IDENTITY = "iPhone Developer";
				COPY_PHASE_STRIP = NO;
				DEBUG_INFORMATION_FORMAT = dwarf;
				ENABLE_STRICT_OBJC_MSGSEND = YES;
				ENABLE_TESTABILITY = YES;
				GCC_C_LANGUAGE_STANDARD = gnu11;
				GCC_DYNAMIC_NO_PIC = NO;
				GCC_NO_COMMON_BLOCKS = YES;
				GCC_OPTIMIZATION_LEVEL = 0;
				GCC_PREPROCESSOR_DEFINITIONS = (
					"DEBUG=1",
					"$(inherited)",
				);
				GCC_WARN_64_TO_32_BIT_CONVERSION = YES;
				GCC_WARN_ABOUT_RETURN_TYPE = YES_ERROR;
				GCC_WARN_UNDECLARED_SELECTOR = YES;
				GCC_WARN_UNINITIALIZED_AUTOS = YES_AGGRESSIVE;
				GCC_WARN_UNUSED_FUNCTION = YES;
				GCC_WARN_UNUSED_VARIABLE = YES;
				IPHONEOS_DEPLOYMENT_TARGET = 12.2;
				MTL_ENABLE_DEBUG_INFO = INCLUDE_SOURCE;
				MTL_FAST_MATH = YES;
				ONLY_ACTIVE_ARCH = YES;
				SDKROOT = iphoneos;
				SWIFT_ACTIVE_COMPILATION_CONDITIONS = DEBUG;
				SWIFT_OPTIMIZATION_LEVEL = "-Onone";
			};
			name = Debug;
		};
		81323E53226AC696000EC04D /* Release */ = {
			isa = XCBuildConfiguration;
			buildSettings = {
				ALWAYS_SEARCH_USER_PATHS = NO;
				CLANG_ANALYZER_NONNULL = YES;
				CLANG_ANALYZER_NUMBER_OBJECT_CONVERSION = YES_AGGRESSIVE;
				CLANG_CXX_LANGUAGE_STANDARD = "gnu++14";
				CLANG_CXX_LIBRARY = "libc++";
				CLANG_ENABLE_MODULES = YES;
				CLANG_ENABLE_OBJC_ARC = YES;
				CLANG_ENABLE_OBJC_WEAK = YES;
				CLANG_WARN_BLOCK_CAPTURE_AUTORELEASING = YES;
				CLANG_WARN_BOOL_CONVERSION = YES;
				CLANG_WARN_COMMA = YES;
				CLANG_WARN_CONSTANT_CONVERSION = YES;
				CLANG_WARN_DEPRECATED_OBJC_IMPLEMENTATIONS = YES;
				CLANG_WARN_DIRECT_OBJC_ISA_USAGE = YES_ERROR;
				CLANG_WARN_DOCUMENTATION_COMMENTS = YES;
				CLANG_WARN_EMPTY_BODY = YES;
				CLANG_WARN_ENUM_CONVERSION = YES;
				CLANG_WARN_INFINITE_RECURSION = YES;
				CLANG_WARN_INT_CONVERSION = YES;
				CLANG_WARN_NON_LITERAL_NULL_CONVERSION = YES;
				CLANG_WARN_OBJC_IMPLICIT_RETAIN_SELF = YES;
				CLANG_WARN_OBJC_LITERAL_CONVERSION = YES;
				CLANG_WARN_OBJC_ROOT_CLASS = YES_ERROR;
				CLANG_WARN_RANGE_LOOP_ANALYSIS = YES;
				CLANG_WARN_STRICT_PROTOTYPES = YES;
				CLANG_WARN_SUSPICIOUS_MOVE = YES;
				CLANG_WARN_UNGUARDED_AVAILABILITY = YES_AGGRESSIVE;
				CLANG_WARN_UNREACHABLE_CODE = YES;
				CLANG_WARN__DUPLICATE_METHOD_MATCH = YES;
				CODE_SIGN_IDENTITY = "iPhone Developer";
				COPY_PHASE_STRIP = NO;
				DEBUG_INFORMATION_FORMAT = "dwarf-with-dsym";
				ENABLE_NS_ASSERTIONS = NO;
				ENABLE_STRICT_OBJC_MSGSEND = YES;
				GCC_C_LANGUAGE_STANDARD = gnu11;
				GCC_NO_COMMON_BLOCKS = YES;
				GCC_WARN_64_TO_32_BIT_CONVERSION = YES;
				GCC_WARN_ABOUT_RETURN_TYPE = YES_ERROR;
				GCC_WARN_UNDECLARED_SELECTOR = YES;
				GCC_WARN_UNINITIALIZED_AUTOS = YES_AGGRESSIVE;
				GCC_WARN_UNUSED_FUNCTION = YES;
				GCC_WARN_UNUSED_VARIABLE = YES;
				IPHONEOS_DEPLOYMENT_TARGET = 12.2;
				MTL_ENABLE_DEBUG_INFO = NO;
				MTL_FAST_MATH = YES;
				SDKROOT = iphoneos;
				SWIFT_COMPILATION_MODE = wholemodule;
				SWIFT_OPTIMIZATION_LEVEL = "-O";
				VALIDATE_PRODUCT = YES;
			};
			name = Release;
		};
		81323E55226AC696000EC04D /* Debug */ = {
			isa = XCBuildConfiguration;
			buildSettings = {
				ASSETCATALOG_COMPILER_APPICON_NAME = AppIcon;
				CODE_SIGN_STYLE = Automatic;
				DEVELOPMENT_TEAM = ZLSAHGV4XK;
				INFOPLIST_FILE = Nasa/Info.plist;
				LD_RUNPATH_SEARCH_PATHS = (
					"$(inherited)",
					"@executable_path/Frameworks",
				);
				PRODUCT_BUNDLE_IDENTIFIER = com.doingrockets.Nasa;
				PRODUCT_NAME = "$(TARGET_NAME)";
				SWIFT_VERSION = 5.0;
				TARGETED_DEVICE_FAMILY = "1,2";
			};
			name = Debug;
		};
		81323E56226AC696000EC04D /* Release */ = {
			isa = XCBuildConfiguration;
			buildSettings = {
				ASSETCATALOG_COMPILER_APPICON_NAME = AppIcon;
				CODE_SIGN_STYLE = Automatic;
				DEVELOPMENT_TEAM = ZLSAHGV4XK;
				INFOPLIST_FILE = Nasa/Info.plist;
				LD_RUNPATH_SEARCH_PATHS = (
					"$(inherited)",
					"@executable_path/Frameworks",
				);
				PRODUCT_BUNDLE_IDENTIFIER = com.doingrockets.Nasa;
				PRODUCT_NAME = "$(TARGET_NAME)";
				SWIFT_VERSION = 5.0;
				TARGETED_DEVICE_FAMILY = "1,2";
			};
			name = Release;
		};
		81323E58226AC696000EC04D /* Debug */ = {
			isa = XCBuildConfiguration;
			buildSettings = {
				ALWAYS_EMBED_SWIFT_STANDARD_LIBRARIES = YES;
				BUNDLE_LOADER = "$(TEST_HOST)";
				CODE_SIGN_STYLE = Automatic;
				DEVELOPMENT_TEAM = ZLSAHGV4XK;
				INFOPLIST_FILE = NasaTests/Info.plist;
				LD_RUNPATH_SEARCH_PATHS = (
					"$(inherited)",
					"@executable_path/Frameworks",
					"@loader_path/Frameworks",
				);
				PRODUCT_BUNDLE_IDENTIFIER = com.doingrockets.NasaTests;
				PRODUCT_NAME = "$(TARGET_NAME)";
				SWIFT_VERSION = 5.0;
				TARGETED_DEVICE_FAMILY = "1,2";
				TEST_HOST = "$(BUILT_PRODUCTS_DIR)/Nasa.app/Nasa";
			};
			name = Debug;
		};
		81323E59226AC696000EC04D /* Release */ = {
			isa = XCBuildConfiguration;
			buildSettings = {
				ALWAYS_EMBED_SWIFT_STANDARD_LIBRARIES = YES;
				BUNDLE_LOADER = "$(TEST_HOST)";
				CODE_SIGN_STYLE = Automatic;
				DEVELOPMENT_TEAM = ZLSAHGV4XK;
				INFOPLIST_FILE = NasaTests/Info.plist;
				LD_RUNPATH_SEARCH_PATHS = (
					"$(inherited)",
					"@executable_path/Frameworks",
					"@loader_path/Frameworks",
				);
				PRODUCT_BUNDLE_IDENTIFIER = com.doingrockets.NasaTests;
				PRODUCT_NAME = "$(TARGET_NAME)";
				SWIFT_VERSION = 5.0;
				TARGETED_DEVICE_FAMILY = "1,2";
				TEST_HOST = "$(BUILT_PRODUCTS_DIR)/Nasa.app/Nasa";
			};
			name = Release;
		};
		81323E5B226AC696000EC04D /* Debug */ = {
			isa = XCBuildConfiguration;
			buildSettings = {
				ALWAYS_EMBED_SWIFT_STANDARD_LIBRARIES = YES;
				CODE_SIGN_STYLE = Automatic;
				DEVELOPMENT_TEAM = ZLSAHGV4XK;
				INFOPLIST_FILE = NasaUITests/Info.plist;
				LD_RUNPATH_SEARCH_PATHS = (
					"$(inherited)",
					"@executable_path/Frameworks",
					"@loader_path/Frameworks",
				);
				PRODUCT_BUNDLE_IDENTIFIER = com.doingrockets.NasaUITests;
				PRODUCT_NAME = "$(TARGET_NAME)";
				SWIFT_VERSION = 5.0;
				TARGETED_DEVICE_FAMILY = "1,2";
				TEST_TARGET_NAME = Nasa;
			};
			name = Debug;
		};
		81323E5C226AC696000EC04D /* Release */ = {
			isa = XCBuildConfiguration;
			buildSettings = {
				ALWAYS_EMBED_SWIFT_STANDARD_LIBRARIES = YES;
				CODE_SIGN_STYLE = Automatic;
				DEVELOPMENT_TEAM = ZLSAHGV4XK;
				INFOPLIST_FILE = NasaUITests/Info.plist;
				LD_RUNPATH_SEARCH_PATHS = (
					"$(inherited)",
					"@executable_path/Frameworks",
					"@loader_path/Frameworks",
				);
				PRODUCT_BUNDLE_IDENTIFIER = com.doingrockets.NasaUITests;
				PRODUCT_NAME = "$(TARGET_NAME)";
				SWIFT_VERSION = 5.0;
				TARGETED_DEVICE_FAMILY = "1,2";
				TEST_TARGET_NAME = Nasa;
			};
			name = Release;
		};
/* End XCBuildConfiguration section */

/* Begin XCConfigurationList section */
		81323E27226AC695000EC04D /* Build configuration list for PBXProject "Nasa" */ = {
			isa = XCConfigurationList;
			buildConfigurations = (
				81323E52226AC696000EC04D /* Debug */,
				81323E53226AC696000EC04D /* Release */,
			);
			defaultConfigurationIsVisible = 0;
			defaultConfigurationName = Release;
		};
		81323E54226AC696000EC04D /* Build configuration list for PBXNativeTarget "Nasa" */ = {
			isa = XCConfigurationList;
			buildConfigurations = (
				81323E55226AC696000EC04D /* Debug */,
				81323E56226AC696000EC04D /* Release */,
			);
			defaultConfigurationIsVisible = 0;
			defaultConfigurationName = Release;
		};
		81323E57226AC696000EC04D /* Build configuration list for PBXNativeTarget "NasaTests" */ = {
			isa = XCConfigurationList;
			buildConfigurations = (
				81323E58226AC696000EC04D /* Debug */,
				81323E59226AC696000EC04D /* Release */,
			);
			defaultConfigurationIsVisible = 0;
			defaultConfigurationName = Release;
		};
		81323E5A226AC696000EC04D /* Build configuration list for PBXNativeTarget "NasaUITests" */ = {
			isa = XCConfigurationList;
			buildConfigurations = (
				81323E5B226AC696000EC04D /* Debug */,
				81323E5C226AC696000EC04D /* Release */,
			);
			defaultConfigurationIsVisible = 0;
			defaultConfigurationName = Release;
		};
/* End XCConfigurationList section */
	};
	rootObject = 81323E24226AC695000EC04D /* Project object */;
}
